{
  "name": "port-who",
  "version": "0.1.0",
  "lockfileVersion": 3,
  "requires": true,
  "packages": {
    "": {
      "name": "port-who",
      "version": "0.1.0",
      "license": "MIT",
      "bin": {
        "port-who": "bin/port-who.js"
      },
      "engines": {
        "node": ">=18.18"
      }
    }
  }
}
